// !$*UTF8*$!
{
	archiveVersion = 1;
	classes = {
	};
	objectVersion = 46;
	objects = {

/* Begin PBXBuildFile section */
		8202939A1DAF3B3400258E1C /* CalculatorBrain.swift in Sources */ = {isa = PBXBuildFile; fileRef = 820293991DAF3B3400258E1C /* CalculatorBrain.swift */; };
		82F290361DAAA5760028D049 /* AppDelegate.swift in Sources */ = {isa = PBXBuildFile; fileRef = 82F290351DAAA5760028D049 /* AppDelegate.swift */; };
		82F290381DAAA5760028D049 /* ViewController.swift in Sources */ = {isa = PBXBuildFile; fileRef = 82F290371DAAA5760028D049 /* ViewController.swift */; };
		82F2903B1DAAA5760028D049 /* Main.storyboard in Resources */ = {isa = PBXBuildFile; fileRef = 82F290391DAAA5760028D049 /* Main.storyboard */; };
		82F2903D1DAAA5760028D049 /* Assets.xcassets in Resources */ = {isa = PBXBuildFile; fileRef = 82F2903C1DAAA5760028D049 /* Assets.xcassets */; };
		82F290401DAAA5760028D049 /* LaunchScreen.storyboard in Resources */ = {isa = PBXBuildFile; fileRef = 82F2903E1DAAA5760028D049 /* LaunchScreen.storyboard */; };
/* End PBXBuildFile section */

/* Begin PBXFileReference section */
		820293991DAF3B3400258E1C /* CalculatorBrain.swift */ = {isa = PBXFileReference; fileEncoding = 4; lastKnownFileType = sourcecode.swift; path = CalculatorBrain.swift; sourceTree = "<group>"; };
		82F290321DAAA5750028D049 /* Calculator.app */ = {isa = PBXFileReference; explicitFileType = wrapper.application; includeInIndex = 0; path = Calculator.app; sourceTree = BUILT_PRODUCTS_DIR; };
		82F290351DAAA5760028D049 /* AppDelegate.swift */ = {isa = PBXFileReference; lastKnownFileType = sourcecode.swift; path = AppDelegate.swift; sourceTree = "<group>"; };
		82F290371DAAA5760028D049 /* ViewController.swift */ = {isa = PBXFileReference; lastKnownFileType = sourcecode.swift; path = ViewController.swift; sourceTree = "<group>"; };
		82F2903A1DAAA5760028D049 /* Base */ = {isa = PBXFileReference; lastKnownFileType = file.storyboard; name = Base; path = Base.lproj/Main.storyboard; sourceTree = "<group>"; };
		82F2903C1DAAA5760028D049 /* Assets.xcassets */ = {isa = PBXFileReference; lastKnownFileType = folder.assetcatalog; path = Assets.xcassets; sourceTree = "<group>"; };
		82F2903F1DAAA5760028D049 /* Base */ = {isa = PBXFileReference; lastKnownFileType = file.storyboard; name = Base; path = Base.lproj/LaunchScreen.storyboard; sourceTree = "<group>"; };
		82F290411DAAA5760028D049 /* Info.plist */ = {isa = PBXFileReference; lastKnownFileType = text.plist.xml; path = Info.plist; sourceTree = "<group>"; };
/* End PBXFileReference section */

/* Begin PBXFrameworksBuildPhase section */
		82F2902F1DAAA5750028D049 /* Frameworks */ = {
			isa = PBXFrameworksBuildPhase;
			buildActionMask = 2147483647;
			files = (
			);
			runOnlyForDeploymentPostprocessing = 0;
		};
/* End PBXFrameworksBuildPhase section */

/* Begin PBXGroup section */
		8202939B1DAF3B6300258E1C /* Model */ = {
			isa = PBXGroup;
			children = (
				820293991DAF3B3400258E1C /* CalculatorBrain.swift */,
			);
			name = Model;
			sourceTree = "<group>";
		};
		8202939C1DAF3B6800258E1C /* Controller */ = {
			isa = PBXGroup;
			children = (
				82F290371DAAA5760028D049 /* ViewController.swift */,
			);
			name = Controller;
			sourceTree = "<group>";
		};
		8202939D1DAF3B7200258E1C /* UI */ = {
			isa = PBXGroup;
			children = (
				82F290391DAAA5760028D049 /* Main.storyboard */,
			);
			name = UI;
			sourceTree = "<group>";
		};
		82F290291DAAA5750028D049 = {
			isa = PBXGroup;
			children = (
				82F290341DAAA5750028D049 /* Calculator */,
				82F290331DAAA5750028D049 /* Products */,
			);
			sourceTree = "<group>";
		};
		82F290331DAAA5750028D049 /* Products */ = {
			isa = PBXGroup;
			children = (
				82F290321DAAA5750028D049 /* Calculator.app */,
			);
			name = Products;
			sourceTree = "<group>";
		};
		82F290341DAAA5750028D049 /* Calculator */ = {
			isa = PBXGroup;
			children = (
				8202939B1DAF3B6300258E1C /* Model */,
				8202939C1DAF3B6800258E1C /* Controller */,
				8202939D1DAF3B7200258E1C /* UI */,
				82F290471DAAA6A90028D049 /* Files */,
			);
			path = Calculator;
			sourceTree = "<group>";
		};
		82F290471DAAA6A90028D049 /* Files */ = {
			isa = PBXGroup;
			children = (
				82F290351DAAA5760028D049 /* AppDelegate.swift */,
				82F290411DAAA5760028D049 /* Info.plist */,
				82F2903E1DAAA5760028D049 /* LaunchScreen.storyboard */,
				82F2903C1DAAA5760028D049 /* Assets.xcassets */,
			);
			name = Files;
			sourceTree = "<group>";
		};
/* End PBXGroup section */

/* Begin PBXNativeTarget section */
		82F290311DAAA5750028D049 /* Calculator */ = {
			isa = PBXNativeTarget;
			buildConfigurationList = 82F290441DAAA5760028D049 /* Build configuration list for PBXNativeTarget "Calculator" */;
			buildPhases = (
				82F2902E1DAAA5750028D049 /* Sources */,
				82F2902F1DAAA5750028D049 /* Frameworks */,
				82F290301DAAA5750028D049 /* Resources */,
			);
			buildRules = (
			);
			dependencies = (
			);
			name = Calculator;
			productName = Calculator;
			productReference = 82F290321DAAA5750028D049 /* Calculator.app */;
			productType = "com.apple.product-type.application";
		};
/* End PBXNativeTarget section */

/* Begin PBXProject section */
		82F2902A1DAAA5750028D049 /* Project object */ = {
			isa = PBXProject;
			attributes = {
				LastSwiftUpdateCheck = 0800;
				LastUpgradeCheck = 0800;
				ORGANIZATIONNAME = limadeveloper;
				TargetAttributes = {
					82F290311DAAA5750028D049 = {
						CreatedOnToolsVersion = 8.0;
						DevelopmentTeam = G9572JBENB;
						ProvisioningStyle = Automatic;
					};
				};
			};
			buildConfigurationList = 82F2902D1DAAA5750028D049 /* Build configuration list for PBXProject "Calculator" */;
			compatibilityVersion = "Xcode 3.2";
			developmentRegion = English;
			hasScannedForEncodings = 0;
			knownRegions = (
				en,
				Base,
			);
			mainGroup = 82F290291DAAA5750028D049;
			productRefGroup = 82F290331DAAA5750028D049 /* Products */;
			projectDirPath = "";
			projectRoot = "";
			targets = (
				82F290311DAAA5750028D049 /* Calculator */,
			);
		};
/* End PBXProject section */

/* Begin PBXResourcesBuildPhase section */
		82F290301DAAA5750028D049 /* Resources */ = {
			isa = PBXResourcesBuildPhase;
			buildActionMask = 2147483647;
			files = (
				82F290401DAAA5760028D049 /* LaunchScreen.storyboard in Resources */,
				82F2903D1DAAA5760028D049 /* Assets.xcassets in Resources */,
				82F2903B1DAAA5760028D049 /* Main.storyboard in Resources */,
			);
			runOnlyForDeploymentPostprocessing = 0;
		};
/* End PBXResourcesBuildPhase section */

/* Begin PBXSourcesBuildPhase section */
		82F2902E1DAAA5750028D049 /* Sources */ = {
			isa = PBXSourcesBuildPhase;
			buildActionMask = 2147483647;
			files = (
				8202939A1DAF3B3400258E1C /* CalculatorBrain.swift in Sources */,
				82F290381DAAA5760028D049 /* ViewController.swift in Sources */,
				82F290361DAAA5760028D049 /* AppDelegate.swift in Sources */,
			);
			runOnlyForDeploymentPostprocessing = 0;
		};
/* End PBXSourcesBuildPhase section */

/* Begin PBXVariantGroup section */
		82F290391DAAA5760028D049 /* Main.storyboard */ = {
			isa = PBXVariantGroup;
			children = (
				82F2903A1DAAA5760028D049 /* Base */,
			);
			name = Main.storyboard;
			sourceTree = "<group>";
		};
		82F2903E1DAAA5760028D049 /* LaunchScreen.storyboard */ = {
			isa = PBXVariantGroup;
			children = (
				82F2903F1DAAA5760028D049 /* Base */,
			);
			name = LaunchScreen.storyboard;
			sourceTree = "<group>";
		};
/* End PBXVariantGroup section */

/* Begin XCBuildConfiguration section */
		82F290421DAAA5760028D049 /* Debug */ = {
			isa = XCBuildConfiguration;
			buildSettings = {
				ALWAYS_SEARCH_USER_PATHS = NO;
				CLANG_ANALYZER_NONNULL = YES;
				CLANG_CXX_LANGUAGE_STANDARD = "gnu++0x";
				CLANG_CXX_LIBRARY = "libc++";
				CLANG_ENABLE_MODULES = YES;
				CLANG_ENABLE_OBJC_ARC = YES;
				CLANG_WARN_BOOL_CONVERSION = YES;
				CLANG_WARN_CONSTANT_CONVERSION = YES;
				CLANG_WARN_DIRECT_OBJC_ISA_USAGE = YES_ERROR;
				CLANG_WARN_DOCUMENTATION_COMMENTS = YES;
				CLANG_WARN_EMPTY_BODY = YES;
				CLANG_WARN_ENUM_CONVERSION = YES;
				CLANG_WARN_INFINITE_RECURSION = YES;
				CLANG_WARN_INT_CONVERSION = YES;
				CLANG_WARN_OBJC_ROOT_CLASS = YES_ERROR;
				CLANG_WARN_SUSPICIOUS_MOVES = YES;
				CLANG_WARN_UNREACHABLE_CODE = YES;
				CLANG_WARN__DUPLICATE_METHOD_MATCH = YES;
				"CODE_SIGN_IDENTITY[sdk=iphoneos*]" = "iPhone Developer";
				COPY_PHASE_STRIP = NO;
				DEBUG_INFORMATION_FORMAT = dwarf;
				ENABLE_STRICT_OBJC_MSGSEND = YES;
				ENABLE_TESTABILITY = YES;
				GCC_C_LANGUAGE_STANDARD = gnu99;
				GCC_DYNAMIC_NO_PIC = NO;
				GCC_NO_COMMON_BLOCKS = YES;
				GCC_OPTIMIZATION_LEVEL = 0;
				GCC_PREPROCESSOR_DEFINITIONS = (
					"DEBUG=1",
					"$(inherited)",
				);
				GCC_WARN_64_TO_32_BIT_CONVERSION = YES;
				GCC_WARN_ABOUT_RETURN_TYPE = YES_ERROR;
				GCC_WARN_UNDECLARED_SELECTOR = YES;
				GCC_WARN_UNINITIALIZED_AUTOS = YES_AGGRESSIVE;
				GCC_WARN_UNUSED_FUNCTION = YES;
				GCC_WARN_UNUSED_VARIABLE = YES;
				IPHONEOS_DEPLOYMENT_TARGET = 10.0;
				MTL_ENABLE_DEBUG_INFO = YES;
				ONLY_ACTIVE_ARCH = YES;
				SDKROOT = iphoneos;
				SWIFT_ACTIVE_COMPILATION_CONDITIONS = DEBUG;
				SWIFT_OPTIMIZATION_LEVEL = "-Onone";
				TARGETED_DEVICE_FAMILY = "1,2";
			};
			name = Debug;
		};
		82F290431DAAA5760028D049 /* Release */ = {
			isa = XCBuildConfiguration;
			buildSettings = {
				ALWAYS_SEARCH_USER_PATHS = NO;
				CLANG_ANALYZER_NONNULL = YES;
				CLANG_CXX_LANGUAGE_STANDARD = "gnu++0x";
				CLANG_CXX_LIBRARY = "libc++";
				CLANG_ENABLE_MODULES = YES;
				CLANG_ENABLE_OBJC_ARC = YES;
				CLANG_WARN_BOOL_CONVERSION = YES;
				CLANG_WARN_CONSTANT_CONVERSION = YES;
				CLANG_WARN_DIRECT_OBJC_ISA_USAGE = YES_ERROR;
				CLANG_WARN_DOCUMENTATION_COMMENTS = YES;
				CLANG_WARN_EMPTY_BODY = YES;
				CLANG_WARN_ENUM_CONVERSION = YES;
				CLANG_WARN_INFINITE_RECURSION = YES;
				CLANG_WARN_INT_CONVERSION = YES;
				CLANG_WARN_OBJC_ROOT_CLASS = YES_ERROR;
				CLANG_WARN_SUSPICIOUS_MOVES = YES;
				CLANG_WARN_UNREACHABLE_CODE = YES;
				CLANG_WARN__DUPLICATE_METHOD_MATCH = YES;
				"CODE_SIGN_IDENTITY[sdk=iphoneos*]" = "iPhone Developer";
				COPY_PHASE_STRIP = NO;
				DEBUG_INFORMATION_FORMAT = "dwarf-with-dsym";
				ENABLE_NS_ASSERTIONS = NO;
				ENABLE_STRICT_OBJC_MSGSEND = YES;
				GCC_C_LANGUAGE_STANDARD = gnu99;
				GCC_NO_COMMON_BLOCKS = YES;
				GCC_WARN_64_TO_32_BIT_CONVERSION = YES;
				GCC_WARN_ABOUT_RETURN_TYPE = YES_ERROR;
				GCC_WARN_UNDECLARED_SELECTOR = YES;
				GCC_WARN_UNINITIALIZED_AUTOS = YES_AGGRESSIVE;
				GCC_WARN_UNUSED_FUNCTION = YES;
				GCC_WARN_UNUSED_VARIABLE = YES;
				IPHONEOS_DEPLOYMENT_TARGET = 10.0;
				MTL_ENABLE_DEBUG_INFO = NO;
				SDKROOT = iphoneos;
				SWIFT_OPTIMIZATION_LEVEL = "-Owholemodule";
				TARGETED_DEVICE_FAMILY = "1,2";
				VALIDATE_PRODUCT = YES;
			};
			name = Release;
		};
		82F290451DAAA5760028D049 /* Debug */ = {
			isa = XCBuildConfiguration;
			buildSettings = {
				ASSETCATALOG_COMPILER_APPICON_NAME = AppIcon;
				DEVELOPMENT_TEAM = G9572JBENB;
				INFOPLIST_FILE = Calculator/Info.plist;
				LD_RUNPATH_SEARCH_PATHS = "$(inherited) @executable_path/Frameworks";
				PRODUCT_BUNDLE_IDENTIFIER = com.limadeveloper.Calculator;
				PRODUCT_NAME = "$(TARGET_NAME)";
				SWIFT_VERSION = 3.0;
			};
			name = Debug;
		};
		82F290461DAAA5760028D049 /* Release */ = {
			isa = XCBuildConfiguration;
			buildSettings = {
				ASSETCATALOG_COMPILER_APPICON_NAME = AppIcon;
				DEVELOPMENT_TEAM = G9572JBENB;
				INFOPLIST_FILE = Calculator/Info.plist;
				LD_RUNPATH_SEARCH_PATHS = "$(inherited) @executable_path/Frameworks";
				PRODUCT_BUNDLE_IDENTIFIER = com.limadeveloper.Calculator;
				PRODUCT_NAME = "$(TARGET_NAME)";
				SWIFT_VERSION = 3.0;
			};
			name = Release;
		};
/* End XCBuildConfiguration section */

/* Begin XCConfigurationList section */
		82F2902D1DAAA5750028D049 /* Build configuration list for PBXProject "Calculator" */ = {
			isa = XCConfigurationList;
			buildConfigurations = (
				82F290421DAAA5760028D049 /* Debug */,
				82F290431DAAA5760028D049 /* Release */,
			);
			defaultConfigurationIsVisible = 0;
			defaultConfigurationName = Release;
		};
		82F290441DAAA5760028D049 /* Build configuration list for PBXNativeTarget "Calculator" */ = {
			isa = XCConfigurationList;
			buildConfigurations = (
				82F290451DAAA5760028D049 /* Debug */,
				82F290461DAAA5760028D049 /* Release */,
			);
			defaultConfigurationIsVisible = 0;
			defaultConfigurationName = Release;
		};
/* End XCConfigurationList section */
	};
	rootObject = 82F2902A1DAAA5750028D049 /* Project object */;
}
